
Microsoft Visual Studio Solution File, Format Version 12.00
# Visual Studio 15
VisualStudioVersion = 15.0.26228.9
MinimumVisualStudioVersion = 10.0.40219.1
Project("{FAE04EC0-301F-11D3-BF4B-00C04F79EFBC}") = "TradeProcessor.ConsoleApp", "TradeProcessor\TradeProcessor.ConsoleApp.csproj", "{74480940-EB77-452D-A44F-C9036EA43385}"
EndProject
Project("{00D1A9C2-B5F0-4AF3-8072-F6C62B433612}") = "TradeProcessor.Database", "TradeProcessor.Database\TradeProcessor.Database.sqlproj", "{A7B8DC98-40FF-4524-88A9-37070C96E1E7}"
EndProject
Project("{2150E333-8FDC-42A3-9474-1A3956D46DE8}") = "Tests", "Tests", "{CF8DF92B-A297-41D8-9F39-AEA12B45EA9E}"
EndProject
Project("{FAE04EC0-301F-11D3-BF4B-00C04F79EFBC}") = "TradeProcessor.Tests.ConsoleApp.GM", "TradeProcessor.Tests.ConsoleApp.GM\TradeProcessor.Tests.ConsoleApp.GM.csproj", "{B95799B4-7C8E-4BE0-8C2C-5C1A057AAC6A}"
EndProject
Global
	GlobalSection(SolutionConfigurationPlatforms) = preSolution
		Debug|Any CPU = Debug|Any CPU
		Release|Any CPU = Release|Any CPU
	EndGlobalSection
	GlobalSection(ProjectConfigurationPlatforms) = postSolution
		{74480940-EB77-452D-A44F-C9036EA43385}.Debug|Any CPU.ActiveCfg = Debug|Any CPU
		{74480940-EB77-452D-A44F-C9036EA43385}.Debug|Any CPU.Build.0 = Debug|Any CPU
		{74480940-EB77-452D-A44F-C9036EA43385}.Release|Any CPU.ActiveCfg = Release|Any CPU
		{74480940-EB77-452D-A44F-C9036EA43385}.Release|Any CPU.Build.0 = Release|Any CPU
		{A7B8DC98-40FF-4524-88A9-37070C96E1E7}.Debug|Any CPU.ActiveCfg = Debug|Any CPU
		{A7B8DC98-40FF-4524-88A9-37070C96E1E7}.Debug|Any CPU.Build.0 = Debug|Any CPU
		{A7B8DC98-40FF-4524-88A9-37070C96E1E7}.Debug|Any CPU.Deploy.0 = Debug|Any CPU
		{A7B8DC98-40FF-4524-88A9-37070C96E1E7}.Release|Any CPU.ActiveCfg = Release|Any CPU
		{A7B8DC98-40FF-4524-88A9-37070C96E1E7}.Release|Any CPU.Build.0 = Release|Any CPU
		{A7B8DC98-40FF-4524-88A9-37070C96E1E7}.Release|Any CPU.Deploy.0 = Release|Any CPU
		{B95799B4-7C8E-4BE0-8C2C-5C1A057AAC6A}.Debug|Any CPU.ActiveCfg = Debug|Any CPU
		{B95799B4-7C8E-4BE0-8C2C-5C1A057AAC6A}.Debug|Any CPU.Build.0 = Debug|Any CPU
		{B95799B4-7C8E-4BE0-8C2C-5C1A057AAC6A}.Release|Any CPU.ActiveCfg = Release|Any CPU
		{B95799B4-7C8E-4BE0-8C2C-5C1A057AAC6A}.Release|Any CPU.Build.0 = Release|Any CPU
	EndGlobalSection
	GlobalSection(SolutionProperties) = preSolution
		HideSolutionNode = FALSE
	EndGlobalSection
	GlobalSection(NestedProjects) = preSolution
		{B95799B4-7C8E-4BE0-8C2C-5C1A057AAC6A} = {CF8DF92B-A297-41D8-9F39-AEA12B45EA9E}
	EndGlobalSection
EndGlobal
